
Microsoft Visual Studio Solution File, Format Version 12.00
# Visual Studio Version 17
VisualStudioVersion = 17.5.002.0
MinimumVisualStudioVersion = 10.0.40219.1
Project("{9A19103F-16F7-4668-BE54-9A1E7A4F7556}") = "WorkshopMemory", "WorkshopMemory.csproj", "{64861464-E77B-471E-961B-6B5C3BBFC2A0}"
EndProject
Global
	GlobalSection(SolutionConfigurationPlatforms) = preSolution
		Debug|Any CPU = Debug|Any CPU
		Release|Any CPU = Release|Any CPU
	EndGlobalSection
	GlobalSection(ProjectConfigurationPlatforms) = postSolution
		{64861464-E77B-471E-961B-6B5C3BBFC2A0}.Debug|Any CPU.ActiveCfg = Debug|Any CPU
		{64861464-E77B-471E-961B-6B5C3BBFC2A0}.Debug|Any CPU.Build.0 = Debug|Any CPU
		{64861464-E77B-471E-961B-6B5C3BBFC2A0}.Release|Any CPU.ActiveCfg = Release|Any CPU
		{64861464-E77B-471E-961B-6B5C3BBFC2A0}.Release|Any CPU.Build.0 = Release|Any CPU
	EndGlobalSection
	GlobalSection(SolutionProperties) = preSolution
		HideSolutionNode = FALSE
	EndGlobalSection
	GlobalSection(ExtensibilityGlobals) = postSolution
		SolutionGuid = {A93628E1-9D2D-473C-9169-11555740CB4C}
	EndGlobalSection
EndGlobal
